
Microsoft Visual Studio Solution File, Format Version 12.00
# Visual Studio 14
VisualStudioVersion = 14.0.25123.0
MinimumVisualStudioVersion = 10.0.40219.1
Project("{FAE04EC0-301F-11D3-BF4B-00C04F79EFBC}") = "WebShopSite", "WebShopSite\WebShopSite.csproj", "{12B21060-D363-43D1-A98D-DAB1A352A6D1}"
EndProject
Project("{FAE04EC0-301F-11D3-BF4B-00C04F79EFBC}") = "Persistence", "Persistence\Persistence.csproj", "{FCDEFA55-E3E7-4C64-AF53-3F7038EC41D0}"
EndProject
Global
	GlobalSection(SolutionConfigurationPlatforms) = preSolution
		Debug|Any CPU = Debug|Any CPU
		Release|Any CPU = Release|Any CPU
	EndGlobalSection
	GlobalSection(ProjectConfigurationPlatforms) = postSolution
		{12B21060-D363-43D1-A98D-DAB1A352A6D1}.Debug|Any CPU.ActiveCfg = Debug|Any CPU
		{12B21060-D363-43D1-A98D-DAB1A352A6D1}.Debug|Any CPU.Build.0 = Debug|Any CPU
		{12B21060-D363-43D1-A98D-DAB1A352A6D1}.Release|Any CPU.ActiveCfg = Release|Any CPU
		{12B21060-D363-43D1-A98D-DAB1A352A6D1}.Release|Any CPU.Build.0 = Release|Any CPU
		{FCDEFA55-E3E7-4C64-AF53-3F7038EC41D0}.Debug|Any CPU.ActiveCfg = Debug|Any CPU
		{FCDEFA55-E3E7-4C64-AF53-3F7038EC41D0}.Debug|Any CPU.Build.0 = Debug|Any CPU
		{FCDEFA55-E3E7-4C64-AF53-3F7038EC41D0}.Release|Any CPU.ActiveCfg = Release|Any CPU
		{FCDEFA55-E3E7-4C64-AF53-3F7038EC41D0}.Release|Any CPU.Build.0 = Release|Any CPU
	EndGlobalSection
	GlobalSection(SolutionProperties) = preSolution
		HideSolutionNode = FALSE
	EndGlobalSection
	GlobalSection(ExtensibilityGlobals) = postSolution
		EnterpriseLibraryConfigurationToolBinariesPath = packages\Unity.2.1.505.0\lib\NET35
	EndGlobalSection
EndGlobal
